// !$*UTF8*$!
{
	archiveVersion = 1;
	classes = {
	};
	objectVersion = 48;
	objects = {

/* Begin PBXBuildFile section */
		BFDF4AD91F5696E300278811 /* AppDelegate.swift in Sources */ = {isa = PBXBuildFile; fileRef = BFDF4AD81F5696E300278811 /* AppDelegate.swift */; };
		BFDF4ADB1F5696E300278811 /* ViewController.swift in Sources */ = {isa = PBXBuildFile; fileRef = BFDF4ADA1F5696E300278811 /* ViewController.swift */; };
		BFDF4ADE1F5696E300278811 /* Main.storyboard in Resources */ = {isa = PBXBuildFile; fileRef = BFDF4ADC1F5696E300278811 /* Main.storyboard */; };
		BFDF4AE01F5696E300278811 /* Assets.xcassets in Resources */ = {isa = PBXBuildFile; fileRef = BFDF4ADF1F5696E300278811 /* Assets.xcassets */; };
		BFDF4AE31F5696E300278811 /* LaunchScreen.storyboard in Resources */ = {isa = PBXBuildFile; fileRef = BFDF4AE11F5696E300278811 /* LaunchScreen.storyboard */; };
/* End PBXBuildFile section */

/* Begin PBXFileReference section */
		BFDF4AD51F5696E300278811 /* 四大公開賽 頁面資料傳輸.app */ = {isa = PBXFileReference; explicitFileType = wrapper.application; includeInIndex = 0; path = "四大公開賽 頁面資料傳輸.app"; sourceTree = BUILT_PRODUCTS_DIR; };
		BFDF4AD81F5696E300278811 /* AppDelegate.swift */ = {isa = PBXFileReference; lastKnownFileType = sourcecode.swift; path = AppDelegate.swift; sourceTree = "<group>"; };
		BFDF4ADA1F5696E300278811 /* ViewController.swift */ = {isa = PBXFileReference; lastKnownFileType = sourcecode.swift; path = ViewController.swift; sourceTree = "<group>"; };
		BFDF4ADD1F5696E300278811 /* Base */ = {isa = PBXFileReference; lastKnownFileType = file.storyboard; name = Base; path = Base.lproj/Main.storyboard; sourceTree = "<group>"; };
		BFDF4ADF1F5696E300278811 /* Assets.xcassets */ = {isa = PBXFileReference; lastKnownFileType = folder.assetcatalog; path = Assets.xcassets; sourceTree = "<group>"; };
		BFDF4AE21F5696E300278811 /* Base */ = {isa = PBXFileReference; lastKnownFileType = file.storyboard; name = Base; path = Base.lproj/LaunchScreen.storyboard; sourceTree = "<group>"; };
		BFDF4AE41F5696E300278811 /* Info.plist */ = {isa = PBXFileReference; lastKnownFileType = text.plist.xml; path = Info.plist; sourceTree = "<group>"; };
/* End PBXFileReference section */

/* Begin PBXFrameworksBuildPhase section */
		BFDF4AD21F5696E300278811 /* Frameworks */ = {
			isa = PBXFrameworksBuildPhase;
			buildActionMask = 2147483647;
			files = (
			);
			runOnlyForDeploymentPostprocessing = 0;
		};
/* End PBXFrameworksBuildPhase section */

/* Begin PBXGroup section */
		BFDF4ACC1F5696E300278811 = {
			isa = PBXGroup;
			children = (
				BFDF4AD71F5696E300278811 /* 四大公開賽 頁面資料傳輸 */,
				BFDF4AD61F5696E300278811 /* Products */,
			);
			sourceTree = "<group>";
		};
		BFDF4AD61F5696E300278811 /* Products */ = {
			isa = PBXGroup;
			children = (
				BFDF4AD51F5696E300278811 /* 四大公開賽 頁面資料傳輸.app */,
			);
			name = Products;
			sourceTree = "<group>";
		};
		BFDF4AD71F5696E300278811 /* 四大公開賽 頁面資料傳輸 */ = {
			isa = PBXGroup;
			children = (
				BFDF4AD81F5696E300278811 /* AppDelegate.swift */,
				BFDF4ADA1F5696E300278811 /* ViewController.swift */,
				BFDF4ADC1F5696E300278811 /* Main.storyboard */,
				BFDF4ADF1F5696E300278811 /* Assets.xcassets */,
				BFDF4AE11F5696E300278811 /* LaunchScreen.storyboard */,
				BFDF4AE41F5696E300278811 /* Info.plist */,
			);
			path = "四大公開賽 頁面資料傳輸";
			sourceTree = "<group>";
		};
/* End PBXGroup section */

/* Begin PBXNativeTarget section */
		BFDF4AD41F5696E300278811 /* 四大公開賽 頁面資料傳輸 */ = {
			isa = PBXNativeTarget;
			buildConfigurationList = BFDF4AE71F5696E300278811 /* Build configuration list for PBXNativeTarget "四大公開賽 頁面資料傳輸" */;
			buildPhases = (
				BFDF4AD11F5696E300278811 /* Sources */,
				BFDF4AD21F5696E300278811 /* Frameworks */,
				BFDF4AD31F5696E300278811 /* Resources */,
			);
			buildRules = (
			);
			dependencies = (
			);
			name = "四大公開賽 頁面資料傳輸";
			productName = "四大公開賽 頁面資料傳輸";
			productReference = BFDF4AD51F5696E300278811 /* 四大公開賽 頁面資料傳輸.app */;
			productType = "com.apple.product-type.application";
		};
/* End PBXNativeTarget section */

/* Begin PBXProject section */
		BFDF4ACD1F5696E300278811 /* Project object */ = {
			isa = PBXProject;
			attributes = {
				LastSwiftUpdateCheck = 0900;
				LastUpgradeCheck = 0900;
				ORGANIZATIONNAME = Louis;
				TargetAttributes = {
					BFDF4AD41F5696E300278811 = {
						CreatedOnToolsVersion = 9.0;
					};
				};
			};
			buildConfigurationList = BFDF4AD01F5696E300278811 /* Build configuration list for PBXProject "四大公開賽 頁面資料傳輸" */;
			compatibilityVersion = "Xcode 8.0";
			developmentRegion = en;
			hasScannedForEncodings = 0;
			knownRegions = (
				en,
				Base,
			);
			mainGroup = BFDF4ACC1F5696E300278811;
			productRefGroup = BFDF4AD61F5696E300278811 /* Products */;
			projectDirPath = "";
			projectRoot = "";
			targets = (
				BFDF4AD41F5696E300278811 /* 四大公開賽 頁面資料傳輸 */,
			);
		};
/* End PBXProject section */

/* Begin PBXResourcesBuildPhase section */
		BFDF4AD31F5696E300278811 /* Resources */ = {
			isa = PBXResourcesBuildPhase;
			buildActionMask = 2147483647;
			files = (
				BFDF4AE31F5696E300278811 /* LaunchScreen.storyboard in Resources */,
				BFDF4AE01F5696E300278811 /* Assets.xcassets in Resources */,
				BFDF4ADE1F5696E300278811 /* Main.storyboard in Resources */,
			);
			runOnlyForDeploymentPostprocessing = 0;
		};
/* End PBXResourcesBuildPhase section */

/* Begin PBXSourcesBuildPhase section */
		BFDF4AD11F5696E300278811 /* Sources */ = {
			isa = PBXSourcesBuildPhase;
			buildActionMask = 2147483647;
			files = (
				BFDF4ADB1F5696E300278811 /* ViewController.swift in Sources */,
				BFDF4AD91F5696E300278811 /* AppDelegate.swift in Sources */,
			);
			runOnlyForDeploymentPostprocessing = 0;
		};
/* End PBXSourcesBuildPhase section */

/* Begin PBXVariantGroup section */
		BFDF4ADC1F5696E300278811 /* Main.storyboard */ = {
			isa = PBXVariantGroup;
			children = (
				BFDF4ADD1F5696E300278811 /* Base */,
			);
			name = Main.storyboard;
			sourceTree = "<group>";
		};
		BFDF4AE11F5696E300278811 /* LaunchScreen.storyboard */ = {
			isa = PBXVariantGroup;
			children = (
				BFDF4AE21F5696E300278811 /* Base */,
			);
			name = LaunchScreen.storyboard;
			sourceTree = "<group>";
		};
/* End PBXVariantGroup section */

/* Begin XCBuildConfiguration section */
		BFDF4AE51F5696E300278811 /* Debug */ = {
			isa = XCBuildConfiguration;
			buildSettings = {
				ALWAYS_SEARCH_USER_PATHS = NO;
				CLANG_ANALYZER_NONNULL = YES;
				CLANG_ANALYZER_NUMBER_OBJECT_CONVERSION = YES_AGGRESSIVE;
				CLANG_CXX_LANGUAGE_STANDARD = "gnu++14";
				CLANG_CXX_LIBRARY = "libc++";
				CLANG_ENABLE_MODULES = YES;
				CLANG_ENABLE_OBJC_ARC = YES;
				CLANG_WARN_BLOCK_CAPTURE_AUTORELEASING = YES;
				CLANG_WARN_BOOL_CONVERSION = YES;
				CLANG_WARN_COMMA = YES;
				CLANG_WARN_CONSTANT_CONVERSION = YES;
				CLANG_WARN_DIRECT_OBJC_ISA_USAGE = YES_ERROR;
				CLANG_WARN_DOCUMENTATION_COMMENTS = YES;
				CLANG_WARN_EMPTY_BODY = YES;
				CLANG_WARN_ENUM_CONVERSION = YES;
				CLANG_WARN_INFINITE_RECURSION = YES;
				CLANG_WARN_INT_CONVERSION = YES;
				CLANG_WARN_OBJC_ROOT_CLASS = YES_ERROR;
				CLANG_WARN_RANGE_LOOP_ANALYSIS = YES;
				CLANG_WARN_STRICT_PROTOTYPES = YES;
				CLANG_WARN_SUSPICIOUS_MOVE = YES;
				CLANG_WARN_UNGUARDED_AVAILABILITY = YES_AGGRESSIVE;
				CLANG_WARN_UNREACHABLE_CODE = YES;
				CLANG_WARN__DUPLICATE_METHOD_MATCH = YES;
				CODE_SIGN_IDENTITY = "iPhone Developer";
				COPY_PHASE_STRIP = NO;
				DEBUG_INFORMATION_FORMAT = dwarf;
				ENABLE_STRICT_OBJC_MSGSEND = YES;
				ENABLE_TESTABILITY = YES;
				GCC_C_LANGUAGE_STANDARD = gnu11;
				GCC_DYNAMIC_NO_PIC = NO;
				GCC_NO_COMMON_BLOCKS = YES;
				GCC_OPTIMIZATION_LEVEL = 0;
				GCC_PREPROCESSOR_DEFINITIONS = (
					"DEBUG=1",
					"$(inherited)",
				);
				GCC_WARN_64_TO_32_BIT_CONVERSION = YES;
				GCC_WARN_ABOUT_RETURN_TYPE = YES_ERROR;
				GCC_WARN_UNDECLARED_SELECTOR = YES;
				GCC_WARN_UNINITIALIZED_AUTOS = YES_AGGRESSIVE;
				GCC_WARN_UNUSED_FUNCTION = YES;
				GCC_WARN_UNUSED_VARIABLE = YES;
				IPHONEOS_DEPLOYMENT_TARGET = 11.0;
				MTL_ENABLE_DEBUG_INFO = YES;
				ONLY_ACTIVE_ARCH = YES;
				SDKROOT = iphoneos;
				SWIFT_ACTIVE_COMPILATION_CONDITIONS = DEBUG;
				SWIFT_OPTIMIZATION_LEVEL = "-Onone";
			};
			name = Debug;
		};
		BFDF4AE61F5696E300278811 /* Release */ = {
			isa = XCBuildConfiguration;
			buildSettings = {
				ALWAYS_SEARCH_USER_PATHS = NO;
				CLANG_ANALYZER_NONNULL = YES;
				CLANG_ANALYZER_NUMBER_OBJECT_CONVERSION = YES_AGGRESSIVE;
				CLANG_CXX_LANGUAGE_STANDARD = "gnu++14";
				CLANG_CXX_LIBRARY = "libc++";
				CLANG_ENABLE_MODULES = YES;
				CLANG_ENABLE_OBJC_ARC = YES;
				CLANG_WARN_BLOCK_CAPTURE_AUTORELEASING = YES;
				CLANG_WARN_BOOL_CONVERSION = YES;
				CLANG_WARN_COMMA = YES;
				CLANG_WARN_CONSTANT_CONVERSION = YES;
				CLANG_WARN_DIRECT_OBJC_ISA_USAGE = YES_ERROR;
				CLANG_WARN_DOCUMENTATION_COMMENTS = YES;
				CLANG_WARN_EMPTY_BODY = YES;
				CLANG_WARN_ENUM_CONVERSION = YES;
				CLANG_WARN_INFINITE_RECURSION = YES;
				CLANG_WARN_INT_CONVERSION = YES;
				CLANG_WARN_OBJC_ROOT_CLASS = YES_ERROR;
				CLANG_WARN_RANGE_LOOP_ANALYSIS = YES;
				CLANG_WARN_STRICT_PROTOTYPES = YES;
				CLANG_WARN_SUSPICIOUS_MOVE = YES;
				CLANG_WARN_UNGUARDED_AVAILABILITY = YES_AGGRESSIVE;
				CLANG_WARN_UNREACHABLE_CODE = YES;
				CLANG_WARN__DUPLICATE_METHOD_MATCH = YES;
				CODE_SIGN_IDENTITY = "iPhone Developer";
				COPY_PHASE_STRIP = NO;
				DEBUG_INFORMATION_FORMAT = "dwarf-with-dsym";
				ENABLE_NS_ASSERTIONS = NO;
				ENABLE_STRICT_OBJC_MSGSEND = YES;
				GCC_C_LANGUAGE_STANDARD = gnu11;
				GCC_NO_COMMON_BLOCKS = YES;
				GCC_WARN_64_TO_32_BIT_CONVERSION = YES;
				GCC_WARN_ABOUT_RETURN_TYPE = YES_ERROR;
				GCC_WARN_UNDECLARED_SELECTOR = YES;
				GCC_WARN_UNINITIALIZED_AUTOS = YES_AGGRESSIVE;
				GCC_WARN_UNUSED_FUNCTION = YES;
				GCC_WARN_UNUSED_VARIABLE = YES;
				IPHONEOS_DEPLOYMENT_TARGET = 11.0;
				MTL_ENABLE_DEBUG_INFO = NO;
				SDKROOT = iphoneos;
				SWIFT_OPTIMIZATION_LEVEL = "-Owholemodule";
				VALIDATE_PRODUCT = YES;
			};
			name = Release;
		};
		BFDF4AE81F5696E300278811 /* Debug */ = {
			isa = XCBuildConfiguration;
			buildSettings = {
				ASSETCATALOG_COMPILER_APPICON_NAME = AppIcon;
				INFOPLIST_FILE = "四大公開賽 頁面資料傳輸/Info.plist";
				LD_RUNPATH_SEARCH_PATHS = "$(inherited) @executable_path/Frameworks";
				PRODUCT_BUNDLE_IDENTIFIER = "handsome.com.------------";
				PRODUCT_NAME = "$(TARGET_NAME)";
				SWIFT_VERSION = 4.0;
				TARGETED_DEVICE_FAMILY = "1,2";
			};
			name = Debug;
		};
		BFDF4AE91F5696E300278811 /* Release */ = {
			isa = XCBuildConfiguration;
			buildSettings = {
				ASSETCATALOG_COMPILER_APPICON_NAME = AppIcon;
				INFOPLIST_FILE = "四大公開賽 頁面資料傳輸/Info.plist";
				LD_RUNPATH_SEARCH_PATHS = "$(inherited) @executable_path/Frameworks";
				PRODUCT_BUNDLE_IDENTIFIER = "handsome.com.------------";
				PRODUCT_NAME = "$(TARGET_NAME)";
				SWIFT_VERSION = 4.0;
				TARGETED_DEVICE_FAMILY = "1,2";
			};
			name = Release;
		};
/* End XCBuildConfiguration section */

/* Begin XCConfigurationList section */
		BFDF4AD01F5696E300278811 /* Build configuration list for PBXProject "四大公開賽 頁面資料傳輸" */ = {
			isa = XCConfigurationList;
			buildConfigurations = (
				BFDF4AE51F5696E300278811 /* Debug */,
				BFDF4AE61F5696E300278811 /* Release */,
			);
			defaultConfigurationIsVisible = 0;
			defaultConfigurationName = Release;
		};
		BFDF4AE71F5696E300278811 /* Build configuration list for PBXNativeTarget "四大公開賽 頁面資料傳輸" */ = {
			isa = XCConfigurationList;
			buildConfigurations = (
				BFDF4AE81F5696E300278811 /* Debug */,
				BFDF4AE91F5696E300278811 /* Release */,
			);
			defaultConfigurationIsVisible = 0;
		};
/* End XCConfigurationList section */
	};
	rootObject = BFDF4ACD1F5696E300278811 /* Project object */;
}
